{
  "lockfile_version": "1",
  "packages": {
    "github:NixOS/nixpkgs/nixpkgs-unstable": {
      "last_modified": "2025-10-28T12:57:11Z",
      "resolved": "github:NixOS/nixpkgs/e99366c665bdd53b7b500ccdc5226675cfc51f45?lastModified=1761656231&narHash=sha256-EiED5k6gXTWoAIS8yQqi5mAX6ojnzpHwAQTS3ykeYMg%3D"
    },
    "python@3.14.0": {
      "last_modified": "2025-10-08T01:30:28Z",
      "plugin_version": "0.0.4",
      "resolved": "github:NixOS/nixpkgs/8b5c9dd8856f0c0cf46cc91f2c21c106a9d42e25#python314",
      "source": "devbox-search",
      "version": "3.14.0",
      "systems": {
        "aarch64-darwin": {
          "outputs": [
            {
              "name": "out",
              "path": "/nix/store/2sqv05h8017f38w5rvppb2f5wbbisnwp-python3-3.14.0",
              "default": true
            }
          ],
          "store_path": "/nix/store/2sqv05h8017f38w5rvppb2f5wbbisnwp-python3-3.14.0"
        },
        "aarch64-linux": {
          "outputs": [
            {
              "name": "out",
              "path": "/nix/store/zlph3shgrkfmrhkxbgmi6qa26gfzl58q-python3-3.14.0",
              "default": true
            },
            {
              "name": "debug",
              "path": "/nix/store/3zmfrpjfpqaxcl68hlg5nfzvx49awjks-python3-3.14.0-debug"
            }
          ],
          "store_path": "/nix/store/zlph3shgrkfmrhkxbgmi6qa26gfzl58q-python3-3.14.0"
        },
        "x86_64-darwin": {
          "outputs": [
            {
              "name": "out",
              "path": "/nix/store/bq9ss2vlr05zdrhcfmvclm0gsrc7i6xb-python3-3.14.0",
              "default": true
            }
          ],
          "store_path": "/nix/store/bq9ss2vlr05zdrhcfmvclm0gsrc7i6xb-python3-3.14.0"
        },
        "x86_64-linux": {
          "outputs": [
            {
              "name": "out",
              "path": "/nix/store/76lchhz5hhik0j5hjy6lwwn3ik0x54aa-python3-3.14.0",
              "default": true
            },
            {
              "name": "debug",
              "path": "/nix/store/rjm597f2d9bjllyjnv3y20261bwxd108-python3-3.14.0-debug"
            }
          ],
          "store_path": "/nix/store/76lchhz5hhik0j5hjy6lwwn3ik0x54aa-python3-3.14.0"
        }
      }
    }
  }
}
